# This file is generated by running "yarn install" inside your project.
# Manual changes might be lost - proceed with caution!

__metadata:
  version: 8
  cacheKey: 10c0

"core-js@npm:^3.40.0":
  version: 3.40.0
  resolution: "core-js@npm:3.40.0"
  checksum: 10c0/db7946ada881e845d8b157061945b1187618fa45cf162f392a151e8a497962aed2da688c982eaa1d444c864be97a70f8be4d73385294b515d224dd164d19f1d4
  languageName: node
  linkType: hard

"yarn-binary-deps-repro@workspace:.":
  version: 0.0.0-use.local
  resolution: "yarn-binary-deps-repro@workspace:."
  dependencies:
    core-js: "npm:^3.40.0"
  languageName: unknown
  linkType: soft
